// !$*UTF8*$!
{
	archiveVersion = 1;
	classes = {
	};
	objectVersion = 50;
	objects = {

/* Begin PBXBuildFile section */
		394564CB24AD2082008D5B93 /* AppDelegate.swift in Sources */ = {isa = PBXBuildFile; fileRef = 394564CA24AD2082008D5B93 /* AppDelegate.swift */; };
		394564CF24AD2082008D5B93 /* HomeController.swift in Sources */ = {isa = PBXBuildFile; fileRef = 394564CE24AD2082008D5B93 /* HomeController.swift */; };
		394564D224AD2082008D5B93 /* Main.storyboard in Resources */ = {isa = PBXBuildFile; fileRef = 394564D024AD2082008D5B93 /* Main.storyboard */; };
		394564D424AD2088008D5B93 /* Assets.xcassets in Resources */ = {isa = PBXBuildFile; fileRef = 394564D324AD2088008D5B93 /* Assets.xcassets */; };
		394564D724AD2088008D5B93 /* LaunchScreen.storyboard in Resources */ = {isa = PBXBuildFile; fileRef = 394564D524AD2088008D5B93 /* LaunchScreen.storyboard */; };
		394564EB24AD2695008D5B93 /* HomeCell.swift in Sources */ = {isa = PBXBuildFile; fileRef = 394564E924AD2695008D5B93 /* HomeCell.swift */; };
		394564EC24AD2695008D5B93 /* HomeCell.xib in Resources */ = {isa = PBXBuildFile; fileRef = 394564EA24AD2695008D5B93 /* HomeCell.xib */; };
		394564EE24AD2A6E008D5B93 /* Leagues.swift in Sources */ = {isa = PBXBuildFile; fileRef = 394564ED24AD2A6E008D5B93 /* Leagues.swift */; };
		394564F124AE2E2C008D5B93 /* Result.swift in Sources */ = {isa = PBXBuildFile; fileRef = 394564F024AE2E2C008D5B93 /* Result.swift */; };
		394564F324AE30E7008D5B93 /* Router.swift in Sources */ = {isa = PBXBuildFile; fileRef = 394564F224AE30E7008D5B93 /* Router.swift */; };
		394564F524AE31E1008D5B93 /* BaseAPI.swift in Sources */ = {isa = PBXBuildFile; fileRef = 394564F424AE31E1008D5B93 /* BaseAPI.swift */; };
		394564FB24AE83CA008D5B93 /* DetailsController.swift in Sources */ = {isa = PBXBuildFile; fileRef = 394564FA24AE83CA008D5B93 /* DetailsController.swift */; };
/* End PBXBuildFile section */

/* Begin PBXFileReference section */
		394564C724AD2082008D5B93 /* Raye7-IOS-Task.app */ = {isa = PBXFileReference; explicitFileType = wrapper.application; includeInIndex = 0; path = "Raye7-IOS-Task.app"; sourceTree = BUILT_PRODUCTS_DIR; };
		394564CA24AD2082008D5B93 /* AppDelegate.swift */ = {isa = PBXFileReference; lastKnownFileType = sourcecode.swift; path = AppDelegate.swift; sourceTree = "<group>"; };
		394564CE24AD2082008D5B93 /* HomeController.swift */ = {isa = PBXFileReference; lastKnownFileType = sourcecode.swift; path = HomeController.swift; sourceTree = "<group>"; };
		394564D124AD2082008D5B93 /* Base */ = {isa = PBXFileReference; lastKnownFileType = file.storyboard; name = Base; path = Base.lproj/Main.storyboard; sourceTree = "<group>"; };
		394564D324AD2088008D5B93 /* Assets.xcassets */ = {isa = PBXFileReference; lastKnownFileType = folder.assetcatalog; path = Assets.xcassets; sourceTree = "<group>"; };
		394564D624AD2088008D5B93 /* Base */ = {isa = PBXFileReference; lastKnownFileType = file.storyboard; name = Base; path = Base.lproj/LaunchScreen.storyboard; sourceTree = "<group>"; };
		394564D824AD2088008D5B93 /* Info.plist */ = {isa = PBXFileReference; lastKnownFileType = text.plist.xml; path = Info.plist; sourceTree = "<group>"; };
		394564E924AD2695008D5B93 /* HomeCell.swift */ = {isa = PBXFileReference; lastKnownFileType = sourcecode.swift; path = HomeCell.swift; sourceTree = "<group>"; };
		394564EA24AD2695008D5B93 /* HomeCell.xib */ = {isa = PBXFileReference; lastKnownFileType = file.xib; path = HomeCell.xib; sourceTree = "<group>"; };
		394564ED24AD2A6E008D5B93 /* Leagues.swift */ = {isa = PBXFileReference; lastKnownFileType = sourcecode.swift; path = Leagues.swift; sourceTree = "<group>"; };
		394564F024AE2E2C008D5B93 /* Result.swift */ = {isa = PBXFileReference; lastKnownFileType = sourcecode.swift; path = Result.swift; sourceTree = "<group>"; };
		394564F224AE30E7008D5B93 /* Router.swift */ = {isa = PBXFileReference; lastKnownFileType = sourcecode.swift; path = Router.swift; sourceTree = "<group>"; };
		394564F424AE31E1008D5B93 /* BaseAPI.swift */ = {isa = PBXFileReference; lastKnownFileType = sourcecode.swift; path = BaseAPI.swift; sourceTree = "<group>"; };
		394564FA24AE83CA008D5B93 /* DetailsController.swift */ = {isa = PBXFileReference; lastKnownFileType = sourcecode.swift; path = DetailsController.swift; sourceTree = "<group>"; };
/* End PBXFileReference section */

/* Begin PBXFrameworksBuildPhase section */
		394564C424AD2082008D5B93 /* Frameworks */ = {
			isa = PBXFrameworksBuildPhase;
			buildActionMask = 2147483647;
			files = (
			);
			runOnlyForDeploymentPostprocessing = 0;
		};
/* End PBXFrameworksBuildPhase section */

/* Begin PBXGroup section */
		394564BE24AD2082008D5B93 = {
			isa = PBXGroup;
			children = (
				394564C924AD2082008D5B93 /* Raye7-IOS-Task */,
				394564C824AD2082008D5B93 /* Products */,
			);
			sourceTree = "<group>";
		};
		394564C824AD2082008D5B93 /* Products */ = {
			isa = PBXGroup;
			children = (
				394564C724AD2082008D5B93 /* Raye7-IOS-Task.app */,
			);
			name = Products;
			sourceTree = "<group>";
		};
		394564C924AD2082008D5B93 /* Raye7-IOS-Task */ = {
			isa = PBXGroup;
			children = (
				394564EF24AD33D5008D5B93 /* Networking */,
				394564E024AD216C008D5B93 /* Model */,
				394564E324AD2636008D5B93 /* View */,
				394564E124AD2326008D5B93 /* Controller */,
				394564DF24AD2166008D5B93 /* Core */,
				394564E224AD2354008D5B93 /* Storyboards */,
				394564DE24AD2163008D5B93 /* Resources */,
			);
			path = "Raye7-IOS-Task";
			sourceTree = "<group>";
		};
		394564DE24AD2163008D5B93 /* Resources */ = {
			isa = PBXGroup;
			children = (
				394564D324AD2088008D5B93 /* Assets.xcassets */,
				394564D824AD2088008D5B93 /* Info.plist */,
			);
			path = Resources;
			sourceTree = "<group>";
		};
		394564DF24AD2166008D5B93 /* Core */ = {
			isa = PBXGroup;
			children = (
				394564CA24AD2082008D5B93 /* AppDelegate.swift */,
			);
			path = Core;
			sourceTree = "<group>";
		};
		394564E024AD216C008D5B93 /* Model */ = {
			isa = PBXGroup;
			children = (
				394564ED24AD2A6E008D5B93 /* Leagues.swift */,
			);
			path = Model;
			sourceTree = "<group>";
		};
		394564E124AD2326008D5B93 /* Controller */ = {
			isa = PBXGroup;
			children = (
				394564CE24AD2082008D5B93 /* HomeController.swift */,
				394564FA24AE83CA008D5B93 /* DetailsController.swift */,
			);
			path = Controller;
			sourceTree = "<group>";
		};
		394564E224AD2354008D5B93 /* Storyboards */ = {
			isa = PBXGroup;
			children = (
				394564D024AD2082008D5B93 /* Main.storyboard */,
				394564D524AD2088008D5B93 /* LaunchScreen.storyboard */,
			);
			path = Storyboards;
			sourceTree = "<group>";
		};
		394564E324AD2636008D5B93 /* View */ = {
			isa = PBXGroup;
			children = (
				394564E824AD2663008D5B93 /* HomeCell */,
			);
			path = View;
			sourceTree = "<group>";
		};
		394564E824AD2663008D5B93 /* HomeCell */ = {
			isa = PBXGroup;
			children = (
				394564E924AD2695008D5B93 /* HomeCell.swift */,
				394564EA24AD2695008D5B93 /* HomeCell.xib */,
			);
			path = HomeCell;
			sourceTree = "<group>";
		};
		394564EF24AD33D5008D5B93 /* Networking */ = {
			isa = PBXGroup;
			children = (
				394564F024AE2E2C008D5B93 /* Result.swift */,
				394564F224AE30E7008D5B93 /* Router.swift */,
				394564F824AE7391008D5B93 /* EndPoint */,
			);
			path = Networking;
			sourceTree = "<group>";
		};
		394564F824AE7391008D5B93 /* EndPoint */ = {
			isa = PBXGroup;
			children = (
				394564F424AE31E1008D5B93 /* BaseAPI.swift */,
			);
			path = EndPoint;
			sourceTree = "<group>";
		};
/* End PBXGroup section */

/* Begin PBXNativeTarget section */
		394564C624AD2082008D5B93 /* Raye7-IOS-Task */ = {
			isa = PBXNativeTarget;
			buildConfigurationList = 394564DB24AD2088008D5B93 /* Build configuration list for PBXNativeTarget "Raye7-IOS-Task" */;
			buildPhases = (
				394564C324AD2082008D5B93 /* Sources */,
				394564C424AD2082008D5B93 /* Frameworks */,
				394564C524AD2082008D5B93 /* Resources */,
			);
			buildRules = (
			);
			dependencies = (
			);
			name = "Raye7-IOS-Task";
			productName = "Raye7-IOS-Task";
			productReference = 394564C724AD2082008D5B93 /* Raye7-IOS-Task.app */;
			productType = "com.apple.product-type.application";
		};
/* End PBXNativeTarget section */

/* Begin PBXProject section */
		394564BF24AD2082008D5B93 /* Project object */ = {
			isa = PBXProject;
			attributes = {
				LastSwiftUpdateCheck = 1140;
				LastUpgradeCheck = 1140;
				ORGANIZATIONNAME = Mahmoud;
				TargetAttributes = {
					394564C624AD2082008D5B93 = {
						CreatedOnToolsVersion = 11.4.1;
					};
				};
			};
			buildConfigurationList = 394564C224AD2082008D5B93 /* Build configuration list for PBXProject "Raye7-IOS-Task" */;
			compatibilityVersion = "Xcode 9.3";
			developmentRegion = en;
			hasScannedForEncodings = 0;
			knownRegions = (
				en,
				Base,
			);
			mainGroup = 394564BE24AD2082008D5B93;
			productRefGroup = 394564C824AD2082008D5B93 /* Products */;
			projectDirPath = "";
			projectRoot = "";
			targets = (
				394564C624AD2082008D5B93 /* Raye7-IOS-Task */,
			);
		};
/* End PBXProject section */

/* Begin PBXResourcesBuildPhase section */
		394564C524AD2082008D5B93 /* Resources */ = {
			isa = PBXResourcesBuildPhase;
			buildActionMask = 2147483647;
			files = (
				394564D724AD2088008D5B93 /* LaunchScreen.storyboard in Resources */,
				394564D424AD2088008D5B93 /* Assets.xcassets in Resources */,
				394564EC24AD2695008D5B93 /* HomeCell.xib in Resources */,
				394564D224AD2082008D5B93 /* Main.storyboard in Resources */,
			);
			runOnlyForDeploymentPostprocessing = 0;
		};
/* End PBXResourcesBuildPhase section */

/* Begin PBXSourcesBuildPhase section */
		394564C324AD2082008D5B93 /* Sources */ = {
			isa = PBXSourcesBuildPhase;
			buildActionMask = 2147483647;
			files = (
				394564F124AE2E2C008D5B93 /* Result.swift in Sources */,
				394564CF24AD2082008D5B93 /* HomeController.swift in Sources */,
				394564EB24AD2695008D5B93 /* HomeCell.swift in Sources */,
				394564EE24AD2A6E008D5B93 /* Leagues.swift in Sources */,
				394564FB24AE83CA008D5B93 /* DetailsController.swift in Sources */,
				394564F324AE30E7008D5B93 /* Router.swift in Sources */,
				394564CB24AD2082008D5B93 /* AppDelegate.swift in Sources */,
				394564F524AE31E1008D5B93 /* BaseAPI.swift in Sources */,
			);
			runOnlyForDeploymentPostprocessing = 0;
		};
/* End PBXSourcesBuildPhase section */

/* Begin PBXVariantGroup section */
		394564D024AD2082008D5B93 /* Main.storyboard */ = {
			isa = PBXVariantGroup;
			children = (
				394564D124AD2082008D5B93 /* Base */,
			);
			name = Main.storyboard;
			sourceTree = "<group>";
		};
		394564D524AD2088008D5B93 /* LaunchScreen.storyboard */ = {
			isa = PBXVariantGroup;
			children = (
				394564D624AD2088008D5B93 /* Base */,
			);
			name = LaunchScreen.storyboard;
			sourceTree = "<group>";
		};
/* End PBXVariantGroup section */

/* Begin XCBuildConfiguration section */
		394564D924AD2088008D5B93 /* Debug */ = {
			isa = XCBuildConfiguration;
			buildSettings = {
				ALWAYS_SEARCH_USER_PATHS = NO;
				CLANG_ANALYZER_NONNULL = YES;
				CLANG_ANALYZER_NUMBER_OBJECT_CONVERSION = YES_AGGRESSIVE;
				CLANG_CXX_LANGUAGE_STANDARD = "gnu++14";
				CLANG_CXX_LIBRARY = "libc++";
				CLANG_ENABLE_MODULES = YES;
				CLANG_ENABLE_OBJC_ARC = YES;
				CLANG_ENABLE_OBJC_WEAK = YES;
				CLANG_WARN_BLOCK_CAPTURE_AUTORELEASING = YES;
				CLANG_WARN_BOOL_CONVERSION = YES;
				CLANG_WARN_COMMA = YES;
				CLANG_WARN_CONSTANT_CONVERSION = YES;
				CLANG_WARN_DEPRECATED_OBJC_IMPLEMENTATIONS = YES;
				CLANG_WARN_DIRECT_OBJC_ISA_USAGE = YES_ERROR;
				CLANG_WARN_DOCUMENTATION_COMMENTS = YES;
				CLANG_WARN_EMPTY_BODY = YES;
				CLANG_WARN_ENUM_CONVERSION = YES;
				CLANG_WARN_INFINITE_RECURSION = YES;
				CLANG_WARN_INT_CONVERSION = YES;
				CLANG_WARN_NON_LITERAL_NULL_CONVERSION = YES;
				CLANG_WARN_OBJC_IMPLICIT_RETAIN_SELF = YES;
				CLANG_WARN_OBJC_LITERAL_CONVERSION = YES;
				CLANG_WARN_OBJC_ROOT_CLASS = YES_ERROR;
				CLANG_WARN_RANGE_LOOP_ANALYSIS = YES;
				CLANG_WARN_STRICT_PROTOTYPES = YES;
				CLANG_WARN_SUSPICIOUS_MOVE = YES;
				CLANG_WARN_UNGUARDED_AVAILABILITY = YES_AGGRESSIVE;
				CLANG_WARN_UNREACHABLE_CODE = YES;
				CLANG_WARN__DUPLICATE_METHOD_MATCH = YES;
				COPY_PHASE_STRIP = NO;
				DEBUG_INFORMATION_FORMAT = dwarf;
				ENABLE_STRICT_OBJC_MSGSEND = YES;
				ENABLE_TESTABILITY = YES;
				GCC_C_LANGUAGE_STANDARD = gnu11;
				GCC_DYNAMIC_NO_PIC = NO;
				GCC_NO_COMMON_BLOCKS = YES;
				GCC_OPTIMIZATION_LEVEL = 0;
				GCC_PREPROCESSOR_DEFINITIONS = (
					"DEBUG=1",
					"$(inherited)",
				);
				GCC_WARN_64_TO_32_BIT_CONVERSION = YES;
				GCC_WARN_ABOUT_RETURN_TYPE = YES_ERROR;
				GCC_WARN_UNDECLARED_SELECTOR = YES;
				GCC_WARN_UNINITIALIZED_AUTOS = YES_AGGRESSIVE;
				GCC_WARN_UNUSED_FUNCTION = YES;
				GCC_WARN_UNUSED_VARIABLE = YES;
				IPHONEOS_DEPLOYMENT_TARGET = 13.4;
				MTL_ENABLE_DEBUG_INFO = INCLUDE_SOURCE;
				MTL_FAST_MATH = YES;
				ONLY_ACTIVE_ARCH = YES;
				SDKROOT = iphoneos;
				SWIFT_ACTIVE_COMPILATION_CONDITIONS = DEBUG;
				SWIFT_OPTIMIZATION_LEVEL = "-Onone";
			};
			name = Debug;
		};
		394564DA24AD2088008D5B93 /* Release */ = {
			isa = XCBuildConfiguration;
			buildSettings = {
				ALWAYS_SEARCH_USER_PATHS = NO;
				CLANG_ANALYZER_NONNULL = YES;
				CLANG_ANALYZER_NUMBER_OBJECT_CONVERSION = YES_AGGRESSIVE;
				CLANG_CXX_LANGUAGE_STANDARD = "gnu++14";
				CLANG_CXX_LIBRARY = "libc++";
				CLANG_ENABLE_MODULES = YES;
				CLANG_ENABLE_OBJC_ARC = YES;
				CLANG_ENABLE_OBJC_WEAK = YES;
				CLANG_WARN_BLOCK_CAPTURE_AUTORELEASING = YES;
				CLANG_WARN_BOOL_CONVERSION = YES;
				CLANG_WARN_COMMA = YES;
				CLANG_WARN_CONSTANT_CONVERSION = YES;
				CLANG_WARN_DEPRECATED_OBJC_IMPLEMENTATIONS = YES;
				CLANG_WARN_DIRECT_OBJC_ISA_USAGE = YES_ERROR;
				CLANG_WARN_DOCUMENTATION_COMMENTS = YES;
				CLANG_WARN_EMPTY_BODY = YES;
				CLANG_WARN_ENUM_CONVERSION = YES;
				CLANG_WARN_INFINITE_RECURSION = YES;
				CLANG_WARN_INT_CONVERSION = YES;
				CLANG_WARN_NON_LITERAL_NULL_CONVERSION = YES;
				CLANG_WARN_OBJC_IMPLICIT_RETAIN_SELF = YES;
				CLANG_WARN_OBJC_LITERAL_CONVERSION = YES;
				CLANG_WARN_OBJC_ROOT_CLASS = YES_ERROR;
				CLANG_WARN_RANGE_LOOP_ANALYSIS = YES;
				CLANG_WARN_STRICT_PROTOTYPES = YES;
				CLANG_WARN_SUSPICIOUS_MOVE = YES;
				CLANG_WARN_UNGUARDED_AVAILABILITY = YES_AGGRESSIVE;
				CLANG_WARN_UNREACHABLE_CODE = YES;
				CLANG_WARN__DUPLICATE_METHOD_MATCH = YES;
				COPY_PHASE_STRIP = NO;
				DEBUG_INFORMATION_FORMAT = "dwarf-with-dsym";
				ENABLE_NS_ASSERTIONS = NO;
				ENABLE_STRICT_OBJC_MSGSEND = YES;
				GCC_C_LANGUAGE_STANDARD = gnu11;
				GCC_NO_COMMON_BLOCKS = YES;
				GCC_WARN_64_TO_32_BIT_CONVERSION = YES;
				GCC_WARN_ABOUT_RETURN_TYPE = YES_ERROR;
				GCC_WARN_UNDECLARED_SELECTOR = YES;
				GCC_WARN_UNINITIALIZED_AUTOS = YES_AGGRESSIVE;
				GCC_WARN_UNUSED_FUNCTION = YES;
				GCC_WARN_UNUSED_VARIABLE = YES;
				IPHONEOS_DEPLOYMENT_TARGET = 13.4;
				MTL_ENABLE_DEBUG_INFO = NO;
				MTL_FAST_MATH = YES;
				SDKROOT = iphoneos;
				SWIFT_COMPILATION_MODE = wholemodule;
				SWIFT_OPTIMIZATION_LEVEL = "-O";
				VALIDATE_PRODUCT = YES;
			};
			name = Release;
		};
		394564DC24AD2088008D5B93 /* Debug */ = {
			isa = XCBuildConfiguration;
			buildSettings = {
				ASSETCATALOG_COMPILER_APPICON_NAME = AppIcon;
				CODE_SIGN_STYLE = Automatic;
				INFOPLIST_FILE = "Raye7-IOS-Task/Resources/Info.plist";
				LD_RUNPATH_SEARCH_PATHS = (
					"$(inherited)",
					"@executable_path/Frameworks",
				);
				PRODUCT_BUNDLE_IDENTIFIER = "M.Raye7-IOS-Task";
				PRODUCT_NAME = "$(TARGET_NAME)";
				SWIFT_VERSION = 5.0;
				TARGETED_DEVICE_FAMILY = "1,2";
			};
			name = Debug;
		};
		394564DD24AD2088008D5B93 /* Release */ = {
			isa = XCBuildConfiguration;
			buildSettings = {
				ASSETCATALOG_COMPILER_APPICON_NAME = AppIcon;
				CODE_SIGN_STYLE = Automatic;
				INFOPLIST_FILE = "Raye7-IOS-Task/Resources/Info.plist";
				LD_RUNPATH_SEARCH_PATHS = (
					"$(inherited)",
					"@executable_path/Frameworks",
				);
				PRODUCT_BUNDLE_IDENTIFIER = "M.Raye7-IOS-Task";
				PRODUCT_NAME = "$(TARGET_NAME)";
				SWIFT_VERSION = 5.0;
				TARGETED_DEVICE_FAMILY = "1,2";
			};
			name = Release;
		};
/* End XCBuildConfiguration section */

/* Begin XCConfigurationList section */
		394564C224AD2082008D5B93 /* Build configuration list for PBXProject "Raye7-IOS-Task" */ = {
			isa = XCConfigurationList;
			buildConfigurations = (
				394564D924AD2088008D5B93 /* Debug */,
				394564DA24AD2088008D5B93 /* Release */,
			);
			defaultConfigurationIsVisible = 0;
			defaultConfigurationName = Release;
		};
		394564DB24AD2088008D5B93 /* Build configuration list for PBXNativeTarget "Raye7-IOS-Task" */ = {
			isa = XCConfigurationList;
			buildConfigurations = (
				394564DC24AD2088008D5B93 /* Debug */,
				394564DD24AD2088008D5B93 /* Release */,
			);
			defaultConfigurationIsVisible = 0;
			defaultConfigurationName = Release;
		};
/* End XCConfigurationList section */
	};
	rootObject = 394564BF24AD2082008D5B93 /* Project object */;
}
